
Microsoft Visual Studio Solution File, Format Version 12.00
# Visual Studio Version 17
VisualStudioVersion = 17.11.35222.181
MinimumVisualStudioVersion = 10.0.40219.1
Project("{FAE04EC0-301F-11D3-BF4B-00C04F79EFBC}") = "Yta kalkylator", "Yta kalkylator.csproj", "{3A0A1598-51BB-4152-9E54-5D351A8A1337}"
EndProject
Global
	GlobalSection(SolutionConfigurationPlatforms) = preSolution
		Debug|Any CPU = Debug|Any CPU
		Release|Any CPU = Release|Any CPU
	EndGlobalSection
	GlobalSection(ProjectConfigurationPlatforms) = postSolution
		{3A0A1598-51BB-4152-9E54-5D351A8A1337}.Debug|Any CPU.ActiveCfg = Debug|Any CPU
		{3A0A1598-51BB-4152-9E54-5D351A8A1337}.Debug|Any CPU.Build.0 = Debug|Any CPU
		{3A0A1598-51BB-4152-9E54-5D351A8A1337}.Release|Any CPU.ActiveCfg = Release|Any CPU
		{3A0A1598-51BB-4152-9E54-5D351A8A1337}.Release|Any CPU.Build.0 = Release|Any CPU
	EndGlobalSection
	GlobalSection(SolutionProperties) = preSolution
		HideSolutionNode = FALSE
	EndGlobalSection
	GlobalSection(ExtensibilityGlobals) = postSolution
		SolutionGuid = {51740047-0544-475F-B0B4-9F24CB681DB2}
	EndGlobalSection
EndGlobal
